
Microsoft Visual Studio Solution File, Format Version 12.00
# Visual Studio 15
VisualStudioVersion = 15.0.28307.902
MinimumVisualStudioVersion = 10.0.40219.1
Project("{9A19103F-16F7-4668-BE54-9A1E7A4F7556}") = "Freud", "Freud\Freud.csproj", "{F27ADB71-C879-4E8D-BD61-699F7B55E0AE}"
EndProject
Project("{9A19103F-16F7-4668-BE54-9A1E7A4F7556}") = "Freud.Test", "Freud.Test\Freud.Test.csproj", "{A3CD04A3-238C-42DB-A3FD-749ACF07541C}"
EndProject
Project("{2150E333-8FDC-42A3-9474-1A3956D46DE8}") = "Solution Items", "Solution Items", "{0A32DDCA-52A8-4C09-9E12-B74289A7B6DF}"
	ProjectSection(SolutionItems) = preProject
		.editorconfig = .editorconfig
	EndProjectSection
EndProject
Global
	GlobalSection(SolutionConfigurationPlatforms) = preSolution
		Debug|Any CPU = Debug|Any CPU
		Release|Any CPU = Release|Any CPU
	EndGlobalSection
	GlobalSection(ProjectConfigurationPlatforms) = postSolution
		{F27ADB71-C879-4E8D-BD61-699F7B55E0AE}.Debug|Any CPU.ActiveCfg = Debug|Any CPU
		{F27ADB71-C879-4E8D-BD61-699F7B55E0AE}.Debug|Any CPU.Build.0 = Debug|Any CPU
		{F27ADB71-C879-4E8D-BD61-699F7B55E0AE}.Release|Any CPU.ActiveCfg = Release|Any CPU
		{F27ADB71-C879-4E8D-BD61-699F7B55E0AE}.Release|Any CPU.Build.0 = Release|Any CPU
		{A3CD04A3-238C-42DB-A3FD-749ACF07541C}.Debug|Any CPU.ActiveCfg = Debug|Any CPU
		{A3CD04A3-238C-42DB-A3FD-749ACF07541C}.Debug|Any CPU.Build.0 = Debug|Any CPU
		{A3CD04A3-238C-42DB-A3FD-749ACF07541C}.Release|Any CPU.ActiveCfg = Release|Any CPU
		{A3CD04A3-238C-42DB-A3FD-749ACF07541C}.Release|Any CPU.Build.0 = Release|Any CPU
	EndGlobalSection
	GlobalSection(SolutionProperties) = preSolution
		HideSolutionNode = FALSE
	EndGlobalSection
	GlobalSection(ExtensibilityGlobals) = postSolution
		SolutionGuid = {B10DF4C4-FB1E-4246-9ABD-730FDCE06043}
	EndGlobalSection
EndGlobal
