
Microsoft Visual Studio Solution File, Format Version 12.00
# Visual Studio 15
VisualStudioVersion = 15.0.28307.902
MinimumVisualStudioVersion = 10.0.40219.1
Project("{9A19103F-16F7-4668-BE54-9A1E7A4F7556}") = "Freud", "Freud\Freud.csproj", "{12728E9E-C937-4B3B-9954-EC995FCA75B0}"
EndProject
Global
	GlobalSection(SolutionConfigurationPlatforms) = preSolution
		Debug|Any CPU = Debug|Any CPU
		Release|Any CPU = Release|Any CPU
	EndGlobalSection
	GlobalSection(ProjectConfigurationPlatforms) = postSolution
		{12728E9E-C937-4B3B-9954-EC995FCA75B0}.Debug|Any CPU.ActiveCfg = Debug|Any CPU
		{12728E9E-C937-4B3B-9954-EC995FCA75B0}.Debug|Any CPU.Build.0 = Debug|Any CPU
		{12728E9E-C937-4B3B-9954-EC995FCA75B0}.Release|Any CPU.ActiveCfg = Release|Any CPU
		{12728E9E-C937-4B3B-9954-EC995FCA75B0}.Release|Any CPU.Build.0 = Release|Any CPU
	EndGlobalSection
	GlobalSection(SolutionProperties) = preSolution
		HideSolutionNode = FALSE
	EndGlobalSection
	GlobalSection(ExtensibilityGlobals) = postSolution
		SolutionGuid = {B234A43F-9475-4BC6-ADAA-A25192632E95}
	EndGlobalSection
EndGlobal
